// !$*UTF8*$!
{
	archiveVersion = 1;
	classes = {
	};
	objectVersion = 46;
	objects = {

/* Begin PBXBuildFile section */
		76270D5C1C82C8A400A86968 /* CNLeftMenuView.m in Sources */ = {isa = PBXBuildFile; fileRef = 76270D5B1C82C8A400A86968 /* CNLeftMenuView.m */; };
		767B6C651C7EDEA400838AF6 /* main.m in Sources */ = {isa = PBXBuildFile; fileRef = 767B6C641C7EDEA400838AF6 /* main.m */; };
		767B6C681C7EDEA400838AF6 /* AppDelegate.m in Sources */ = {isa = PBXBuildFile; fileRef = 767B6C671C7EDEA400838AF6 /* AppDelegate.m */; };
		767B6C6B1C7EDEA400838AF6 /* ViewController.m in Sources */ = {isa = PBXBuildFile; fileRef = 767B6C6A1C7EDEA400838AF6 /* ViewController.m */; };
		767B6C6E1C7EDEA400838AF6 /* Main.storyboard in Resources */ = {isa = PBXBuildFile; fileRef = 767B6C6C1C7EDEA400838AF6 /* Main.storyboard */; };
		767B6C701C7EDEA400838AF6 /* Assets.xcassets in Resources */ = {isa = PBXBuildFile; fileRef = 767B6C6F1C7EDEA400838AF6 /* Assets.xcassets */; };
		767B6C731C7EDEA400838AF6 /* LaunchScreen.storyboard in Resources */ = {isa = PBXBuildFile; fileRef = 767B6C711C7EDEA400838AF6 /* LaunchScreen.storyboard */; };
		767B6C7E1C7EDEA400838AF6 /* CNLeftSideMenu_exampleTests.m in Sources */ = {isa = PBXBuildFile; fileRef = 767B6C7D1C7EDEA400838AF6 /* CNLeftSideMenu_exampleTests.m */; };
		767B6C891C7EDEA400838AF6 /* CNLeftSideMenu_exampleUITests.m in Sources */ = {isa = PBXBuildFile; fileRef = 767B6C881C7EDEA400838AF6 /* CNLeftSideMenu_exampleUITests.m */; };
		767B6CA11C7EDEBB00838AF6 /* CNContentCell.m in Sources */ = {isa = PBXBuildFile; fileRef = 767B6C981C7EDEBB00838AF6 /* CNContentCell.m */; };
		767B6CA21C7EDEBB00838AF6 /* CNContentData.m in Sources */ = {isa = PBXBuildFile; fileRef = 767B6C9A1C7EDEBB00838AF6 /* CNContentData.m */; };
		767B6CA31C7EDEBB00838AF6 /* CNLeftMenuCell.m in Sources */ = {isa = PBXBuildFile; fileRef = 767B6C9C1C7EDEBB00838AF6 /* CNLeftMenuCell.m */; };
		767B6CA41C7EDEBB00838AF6 /* CNLeftSideMenu.m in Sources */ = {isa = PBXBuildFile; fileRef = 767B6C9E1C7EDEBB00838AF6 /* CNLeftSideMenu.m */; };
		767B6CA51C7EDEBB00838AF6 /* CNMenuData.m in Sources */ = {isa = PBXBuildFile; fileRef = 767B6CA01C7EDEBB00838AF6 /* CNMenuData.m */; };
		767B6CA81C7EDF3200838AF6 /* UIView+Rect.m in Sources */ = {isa = PBXBuildFile; fileRef = 767B6CA71C7EDF3200838AF6 /* UIView+Rect.m */; };
		76C084FD1C8576D900E0D8B9 /* CNLeftCollectionView.m in Sources */ = {isa = PBXBuildFile; fileRef = 76C084FC1C8576D900E0D8B9 /* CNLeftCollectionView.m */; };
/* End PBXBuildFile section */

/* Begin PBXContainerItemProxy section */
		767B6C7A1C7EDEA400838AF6 /* PBXContainerItemProxy */ = {
			isa = PBXContainerItemProxy;
			containerPortal = 767B6C581C7EDEA400838AF6 /* Project object */;
			proxyType = 1;
			remoteGlobalIDString = 767B6C5F1C7EDEA400838AF6;
			remoteInfo = "CNLeftSideMenu-example";
		};
		767B6C851C7EDEA400838AF6 /* PBXContainerItemProxy */ = {
			isa = PBXContainerItemProxy;
			containerPortal = 767B6C581C7EDEA400838AF6 /* Project object */;
			proxyType = 1;
			remoteGlobalIDString = 767B6C5F1C7EDEA400838AF6;
			remoteInfo = "CNLeftSideMenu-example";
		};
/* End PBXContainerItemProxy section */

/* Begin PBXFileReference section */
		76270D5A1C82C8A400A86968 /* CNLeftMenuView.h */ = {isa = PBXFileReference; fileEncoding = 4; lastKnownFileType = sourcecode.c.h; path = CNLeftMenuView.h; sourceTree = "<group>"; };
		76270D5B1C82C8A400A86968 /* CNLeftMenuView.m */ = {isa = PBXFileReference; fileEncoding = 4; lastKnownFileType = sourcecode.c.objc; path = CNLeftMenuView.m; sourceTree = "<group>"; };
		767B6C601C7EDEA400838AF6 /* CNLeftSideMenu-example.app */ = {isa = PBXFileReference; explicitFileType = wrapper.application; includeInIndex = 0; path = "CNLeftSideMenu-example.app"; sourceTree = BUILT_PRODUCTS_DIR; };
		767B6C641C7EDEA400838AF6 /* main.m */ = {isa = PBXFileReference; lastKnownFileType = sourcecode.c.objc; path = main.m; sourceTree = "<group>"; };
		767B6C661C7EDEA400838AF6 /* AppDelegate.h */ = {isa = PBXFileReference; lastKnownFileType = sourcecode.c.h; path = AppDelegate.h; sourceTree = "<group>"; };
		767B6C671C7EDEA400838AF6 /* AppDelegate.m */ = {isa = PBXFileReference; lastKnownFileType = sourcecode.c.objc; path = AppDelegate.m; sourceTree = "<group>"; };
		767B6C691C7EDEA400838AF6 /* ViewController.h */ = {isa = PBXFileReference; lastKnownFileType = sourcecode.c.h; path = ViewController.h; sourceTree = "<group>"; };
		767B6C6A1C7EDEA400838AF6 /* ViewController.m */ = {isa = PBXFileReference; lastKnownFileType = sourcecode.c.objc; path = ViewController.m; sourceTree = "<group>"; };
		767B6C6D1C7EDEA400838AF6 /* Base */ = {isa = PBXFileReference; lastKnownFileType = file.storyboard; name = Base; path = Base.lproj/Main.storyboard; sourceTree = "<group>"; };
		767B6C6F1C7EDEA400838AF6 /* Assets.xcassets */ = {isa = PBXFileReference; lastKnownFileType = folder.assetcatalog; path = Assets.xcassets; sourceTree = "<group>"; };
		767B6C721C7EDEA400838AF6 /* Base */ = {isa = PBXFileReference; lastKnownFileType = file.storyboard; name = Base; path = Base.lproj/LaunchScreen.storyboard; sourceTree = "<group>"; };
		767B6C741C7EDEA400838AF6 /* Info.plist */ = {isa = PBXFileReference; lastKnownFileType = text.plist.xml; path = Info.plist; sourceTree = "<group>"; };
		767B6C791C7EDEA400838AF6 /* CNLeftSideMenu-exampleTests.xctest */ = {isa = PBXFileReference; explicitFileType = wrapper.cfbundle; includeInIndex = 0; path = "CNLeftSideMenu-exampleTests.xctest"; sourceTree = BUILT_PRODUCTS_DIR; };
		767B6C7D1C7EDEA400838AF6 /* CNLeftSideMenu_exampleTests.m */ = {isa = PBXFileReference; lastKnownFileType = sourcecode.c.objc; path = CNLeftSideMenu_exampleTests.m; sourceTree = "<group>"; };
		767B6C7F1C7EDEA400838AF6 /* Info.plist */ = {isa = PBXFileReference; lastKnownFileType = text.plist.xml; path = Info.plist; sourceTree = "<group>"; };
		767B6C841C7EDEA400838AF6 /* CNLeftSideMenu-exampleUITests.xctest */ = {isa = PBXFileReference; explicitFileType = wrapper.cfbundle; includeInIndex = 0; path = "CNLeftSideMenu-exampleUITests.xctest"; sourceTree = BUILT_PRODUCTS_DIR; };
		767B6C881C7EDEA400838AF6 /* CNLeftSideMenu_exampleUITests.m */ = {isa = PBXFileReference; lastKnownFileType = sourcecode.c.objc; path = CNLeftSideMenu_exampleUITests.m; sourceTree = "<group>"; };
		767B6C8A1C7EDEA400838AF6 /* Info.plist */ = {isa = PBXFileReference; lastKnownFileType = text.plist.xml; path = Info.plist; sourceTree = "<group>"; };
		767B6C971C7EDEBB00838AF6 /* CNContentCell.h */ = {isa = PBXFileReference; fileEncoding = 4; lastKnownFileType = sourcecode.c.h; path = CNContentCell.h; sourceTree = "<group>"; };
		767B6C981C7EDEBB00838AF6 /* CNContentCell.m */ = {isa = PBXFileReference; fileEncoding = 4; lastKnownFileType = sourcecode.c.objc; path = CNContentCell.m; sourceTree = "<group>"; };
		767B6C991C7EDEBB00838AF6 /* CNContentData.h */ = {isa = PBXFileReference; fileEncoding = 4; lastKnownFileType = sourcecode.c.h; path = CNContentData.h; sourceTree = "<group>"; };
		767B6C9A1C7EDEBB00838AF6 /* CNContentData.m */ = {isa = PBXFileReference; fileEncoding = 4; lastKnownFileType = sourcecode.c.objc; path = CNContentData.m; sourceTree = "<group>"; };
		767B6C9B1C7EDEBB00838AF6 /* CNLeftMenuCell.h */ = {isa = PBXFileReference; fileEncoding = 4; lastKnownFileType = sourcecode.c.h; path = CNLeftMenuCell.h; sourceTree = "<group>"; };
		767B6C9C1C7EDEBB00838AF6 /* CNLeftMenuCell.m */ = {isa = PBXFileReference; fileEncoding = 4; lastKnownFileType = sourcecode.c.objc; path = CNLeftMenuCell.m; sourceTree = "<group>"; };
		767B6C9D1C7EDEBB00838AF6 /* CNLeftSideMenu.h */ = {isa = PBXFileReference; fileEncoding = 4; lastKnownFileType = sourcecode.c.h; path = CNLeftSideMenu.h; sourceTree = "<group>"; };
		767B6C9E1C7EDEBB00838AF6 /* CNLeftSideMenu.m */ = {isa = PBXFileReference; fileEncoding = 4; lastKnownFileType = sourcecode.c.objc; path = CNLeftSideMenu.m; sourceTree = "<group>"; };
		767B6C9F1C7EDEBB00838AF6 /* CNMenuData.h */ = {isa = PBXFileReference; fileEncoding = 4; lastKnownFileType = sourcecode.c.h; path = CNMenuData.h; sourceTree = "<group>"; };
		767B6CA01C7EDEBB00838AF6 /* CNMenuData.m */ = {isa = PBXFileReference; fileEncoding = 4; lastKnownFileType = sourcecode.c.objc; path = CNMenuData.m; sourceTree = "<group>"; };
		767B6CA61C7EDF3200838AF6 /* UIView+Rect.h */ = {isa = PBXFileReference; fileEncoding = 4; lastKnownFileType = sourcecode.c.h; path = "UIView+Rect.h"; sourceTree = "<group>"; };
		767B6CA71C7EDF3200838AF6 /* UIView+Rect.m */ = {isa = PBXFileReference; fileEncoding = 4; lastKnownFileType = sourcecode.c.objc; path = "UIView+Rect.m"; sourceTree = "<group>"; };
		76C084FB1C8576D900E0D8B9 /* CNLeftCollectionView.h */ = {isa = PBXFileReference; fileEncoding = 4; lastKnownFileType = sourcecode.c.h; path = CNLeftCollectionView.h; sourceTree = "<group>"; };
		76C084FC1C8576D900E0D8B9 /* CNLeftCollectionView.m */ = {isa = PBXFileReference; fileEncoding = 4; lastKnownFileType = sourcecode.c.objc; path = CNLeftCollectionView.m; sourceTree = "<group>"; };
		76C084FE1C880F0D00E0D8B9 /* CNLeftSideHeader.h */ = {isa = PBXFileReference; fileEncoding = 4; lastKnownFileType = sourcecode.c.h; path = CNLeftSideHeader.h; sourceTree = "<group>"; };
/* End PBXFileReference section */

/* Begin PBXFrameworksBuildPhase section */
		767B6C5D1C7EDEA400838AF6 /* Frameworks */ = {
			isa = PBXFrameworksBuildPhase;
			buildActionMask = 2147483647;
			files = (
			);
			runOnlyForDeploymentPostprocessing = 0;
		};
		767B6C761C7EDEA400838AF6 /* Frameworks */ = {
			isa = PBXFrameworksBuildPhase;
			buildActionMask = 2147483647;
			files = (
			);
			runOnlyForDeploymentPostprocessing = 0;
		};
		767B6C811C7EDEA400838AF6 /* Frameworks */ = {
			isa = PBXFrameworksBuildPhase;
			buildActionMask = 2147483647;
			files = (
			);
			runOnlyForDeploymentPostprocessing = 0;
		};
/* End PBXFrameworksBuildPhase section */

/* Begin PBXGroup section */
		767B6C571C7EDEA400838AF6 = {
			isa = PBXGroup;
			children = (
				767B6C621C7EDEA400838AF6 /* CNLeftSideMenu-example */,
				767B6C7C1C7EDEA400838AF6 /* CNLeftSideMenu-exampleTests */,
				767B6C871C7EDEA400838AF6 /* CNLeftSideMenu-exampleUITests */,
				767B6C611C7EDEA400838AF6 /* Products */,
			);
			sourceTree = "<group>";
		};
		767B6C611C7EDEA400838AF6 /* Products */ = {
			isa = PBXGroup;
			children = (
				767B6C601C7EDEA400838AF6 /* CNLeftSideMenu-example.app */,
				767B6C791C7EDEA400838AF6 /* CNLeftSideMenu-exampleTests.xctest */,
				767B6C841C7EDEA400838AF6 /* CNLeftSideMenu-exampleUITests.xctest */,
			);
			name = Products;
			sourceTree = "<group>";
		};
		767B6C621C7EDEA400838AF6 /* CNLeftSideMenu-example */ = {
			isa = PBXGroup;
			children = (
				767B6C961C7EDEBB00838AF6 /* CNSideMenu */,
				767B6C661C7EDEA400838AF6 /* AppDelegate.h */,
				767B6C671C7EDEA400838AF6 /* AppDelegate.m */,
				767B6C691C7EDEA400838AF6 /* ViewController.h */,
				767B6C6A1C7EDEA400838AF6 /* ViewController.m */,
				767B6C6C1C7EDEA400838AF6 /* Main.storyboard */,
				767B6C6F1C7EDEA400838AF6 /* Assets.xcassets */,
				767B6C711C7EDEA400838AF6 /* LaunchScreen.storyboard */,
				767B6C741C7EDEA400838AF6 /* Info.plist */,
				767B6C631C7EDEA400838AF6 /* Supporting Files */,
			);
			path = "CNLeftSideMenu-example";
			sourceTree = "<group>";
		};
		767B6C631C7EDEA400838AF6 /* Supporting Files */ = {
			isa = PBXGroup;
			children = (
				767B6C641C7EDEA400838AF6 /* main.m */,
			);
			name = "Supporting Files";
			sourceTree = "<group>";
		};
		767B6C7C1C7EDEA400838AF6 /* CNLeftSideMenu-exampleTests */ = {
			isa = PBXGroup;
			children = (
				767B6C7D1C7EDEA400838AF6 /* CNLeftSideMenu_exampleTests.m */,
				767B6C7F1C7EDEA400838AF6 /* Info.plist */,
			);
			path = "CNLeftSideMenu-exampleTests";
			sourceTree = "<group>";
		};
		767B6C871C7EDEA400838AF6 /* CNLeftSideMenu-exampleUITests */ = {
			isa = PBXGroup;
			children = (
				767B6C881C7EDEA400838AF6 /* CNLeftSideMenu_exampleUITests.m */,
				767B6C8A1C7EDEA400838AF6 /* Info.plist */,
			);
			path = "CNLeftSideMenu-exampleUITests";
			sourceTree = "<group>";
		};
		767B6C961C7EDEBB00838AF6 /* CNSideMenu */ = {
			isa = PBXGroup;
			children = (
				767B6C9D1C7EDEBB00838AF6 /* CNLeftSideMenu.h */,
				767B6C9E1C7EDEBB00838AF6 /* CNLeftSideMenu.m */,
				767B6C971C7EDEBB00838AF6 /* CNContentCell.h */,
				767B6C981C7EDEBB00838AF6 /* CNContentCell.m */,
				767B6C991C7EDEBB00838AF6 /* CNContentData.h */,
				767B6C9A1C7EDEBB00838AF6 /* CNContentData.m */,
				76270D5A1C82C8A400A86968 /* CNLeftMenuView.h */,
				76270D5B1C82C8A400A86968 /* CNLeftMenuView.m */,
				767B6C9B1C7EDEBB00838AF6 /* CNLeftMenuCell.h */,
				767B6C9C1C7EDEBB00838AF6 /* CNLeftMenuCell.m */,
				767B6C9F1C7EDEBB00838AF6 /* CNMenuData.h */,
				767B6CA01C7EDEBB00838AF6 /* CNMenuData.m */,
				767B6CA61C7EDF3200838AF6 /* UIView+Rect.h */,
				767B6CA71C7EDF3200838AF6 /* UIView+Rect.m */,
				76C084FB1C8576D900E0D8B9 /* CNLeftCollectionView.h */,
				76C084FC1C8576D900E0D8B9 /* CNLeftCollectionView.m */,
				76C084FE1C880F0D00E0D8B9 /* CNLeftSideHeader.h */,
			);
			path = CNSideMenu;
			sourceTree = "<group>";
		};
/* End PBXGroup section */

/* Begin PBXNativeTarget section */
		767B6C5F1C7EDEA400838AF6 /* CNLeftSideMenu-example */ = {
			isa = PBXNativeTarget;
			buildConfigurationList = 767B6C8D1C7EDEA400838AF6 /* Build configuration list for PBXNativeTarget "CNLeftSideMenu-example" */;
			buildPhases = (
				767B6C5C1C7EDEA400838AF6 /* Sources */,
				767B6C5D1C7EDEA400838AF6 /* Frameworks */,
				767B6C5E1C7EDEA400838AF6 /* Resources */,
			);
			buildRules = (
			);
			dependencies = (
			);
			name = "CNLeftSideMenu-example";
			productName = "CNLeftSideMenu-example";
			productReference = 767B6C601C7EDEA400838AF6 /* CNLeftSideMenu-example.app */;
			productType = "com.apple.product-type.application";
		};
		767B6C781C7EDEA400838AF6 /* CNLeftSideMenu-exampleTests */ = {
			isa = PBXNativeTarget;
			buildConfigurationList = 767B6C901C7EDEA400838AF6 /* Build configuration list for PBXNativeTarget "CNLeftSideMenu-exampleTests" */;
			buildPhases = (
				767B6C751C7EDEA400838AF6 /* Sources */,
				767B6C761C7EDEA400838AF6 /* Frameworks */,
				767B6C771C7EDEA400838AF6 /* Resources */,
			);
			buildRules = (
			);
			dependencies = (
				767B6C7B1C7EDEA400838AF6 /* PBXTargetDependency */,
			);
			name = "CNLeftSideMenu-exampleTests";
			productName = "CNLeftSideMenu-exampleTests";
			productReference = 767B6C791C7EDEA400838AF6 /* CNLeftSideMenu-exampleTests.xctest */;
			productType = "com.apple.product-type.bundle.unit-test";
		};
		767B6C831C7EDEA400838AF6 /* CNLeftSideMenu-exampleUITests */ = {
			isa = PBXNativeTarget;
			buildConfigurationList = 767B6C931C7EDEA400838AF6 /* Build configuration list for PBXNativeTarget "CNLeftSideMenu-exampleUITests" */;
			buildPhases = (
				767B6C801C7EDEA400838AF6 /* Sources */,
				767B6C811C7EDEA400838AF6 /* Frameworks */,
				767B6C821C7EDEA400838AF6 /* Resources */,
			);
			buildRules = (
			);
			dependencies = (
				767B6C861C7EDEA400838AF6 /* PBXTargetDependency */,
			);
			name = "CNLeftSideMenu-exampleUITests";
			productName = "CNLeftSideMenu-exampleUITests";
			productReference = 767B6C841C7EDEA400838AF6 /* CNLeftSideMenu-exampleUITests.xctest */;
			productType = "com.apple.product-type.bundle.ui-testing";
		};
/* End PBXNativeTarget section */

/* Begin PBXProject section */
		767B6C581C7EDEA400838AF6 /* Project object */ = {
			isa = PBXProject;
			attributes = {
				LastUpgradeCheck = 0720;
				ORGANIZATIONNAME = "spectator Mr.Z";
				TargetAttributes = {
					767B6C5F1C7EDEA400838AF6 = {
						CreatedOnToolsVersion = 7.2.1;
					};
					767B6C781C7EDEA400838AF6 = {
						CreatedOnToolsVersion = 7.2.1;
						TestTargetID = 767B6C5F1C7EDEA400838AF6;
					};
					767B6C831C7EDEA400838AF6 = {
						CreatedOnToolsVersion = 7.2.1;
						TestTargetID = 767B6C5F1C7EDEA400838AF6;
					};
				};
			};
			buildConfigurationList = 767B6C5B1C7EDEA400838AF6 /* Build configuration list for PBXProject "CNLeftSideMenu-example" */;
			compatibilityVersion = "Xcode 3.2";
			developmentRegion = English;
			hasScannedForEncodings = 0;
			knownRegions = (
				en,
				Base,
			);
			mainGroup = 767B6C571C7EDEA400838AF6;
			productRefGroup = 767B6C611C7EDEA400838AF6 /* Products */;
			projectDirPath = "";
			projectRoot = "";
			targets = (
				767B6C5F1C7EDEA400838AF6 /* CNLeftSideMenu-example */,
				767B6C781C7EDEA400838AF6 /* CNLeftSideMenu-exampleTests */,
				767B6C831C7EDEA400838AF6 /* CNLeftSideMenu-exampleUITests */,
			);
		};
/* End PBXProject section */

/* Begin PBXResourcesBuildPhase section */
		767B6C5E1C7EDEA400838AF6 /* Resources */ = {
			isa = PBXResourcesBuildPhase;
			buildActionMask = 2147483647;
			files = (
				767B6C731C7EDEA400838AF6 /* LaunchScreen.storyboard in Resources */,
				767B6C701C7EDEA400838AF6 /* Assets.xcassets in Resources */,
				767B6C6E1C7EDEA400838AF6 /* Main.storyboard in Resources */,
			);
			runOnlyForDeploymentPostprocessing = 0;
		};
		767B6C771C7EDEA400838AF6 /* Resources */ = {
			isa = PBXResourcesBuildPhase;
			buildActionMask = 2147483647;
			files = (
			);
			runOnlyForDeploymentPostprocessing = 0;
		};
		767B6C821C7EDEA400838AF6 /* Resources */ = {
			isa = PBXResourcesBuildPhase;
			buildActionMask = 2147483647;
			files = (
			);
			runOnlyForDeploymentPostprocessing = 0;
		};
/* End PBXResourcesBuildPhase section */

/* Begin PBXSourcesBuildPhase section */
		767B6C5C1C7EDEA400838AF6 /* Sources */ = {
			isa = PBXSourcesBuildPhase;
			buildActionMask = 2147483647;
			files = (
				767B6CA31C7EDEBB00838AF6 /* CNLeftMenuCell.m in Sources */,
				767B6C6B1C7EDEA400838AF6 /* ViewController.m in Sources */,
				767B6CA21C7EDEBB00838AF6 /* CNContentData.m in Sources */,
				76C084FD1C8576D900E0D8B9 /* CNLeftCollectionView.m in Sources */,
				767B6C681C7EDEA400838AF6 /* AppDelegate.m in Sources */,
				767B6CA11C7EDEBB00838AF6 /* CNContentCell.m in Sources */,
				767B6CA41C7EDEBB00838AF6 /* CNLeftSideMenu.m in Sources */,
				767B6CA81C7EDF3200838AF6 /* UIView+Rect.m in Sources */,
				767B6C651C7EDEA400838AF6 /* main.m in Sources */,
				76270D5C1C82C8A400A86968 /* CNLeftMenuView.m in Sources */,
				767B6CA51C7EDEBB00838AF6 /* CNMenuData.m in Sources */,
			);
			runOnlyForDeploymentPostprocessing = 0;
		};
		767B6C751C7EDEA400838AF6 /* Sources */ = {
			isa = PBXSourcesBuildPhase;
			buildActionMask = 2147483647;
			files = (
				767B6C7E1C7EDEA400838AF6 /* CNLeftSideMenu_exampleTests.m in Sources */,
			);
			runOnlyForDeploymentPostprocessing = 0;
		};
		767B6C801C7EDEA400838AF6 /* Sources */ = {
			isa = PBXSourcesBuildPhase;
			buildActionMask = 2147483647;
			files = (
				767B6C891C7EDEA400838AF6 /* CNLeftSideMenu_exampleUITests.m in Sources */,
			);
			runOnlyForDeploymentPostprocessing = 0;
		};
/* End PBXSourcesBuildPhase section */

/* Begin PBXTargetDependency section */
		767B6C7B1C7EDEA400838AF6 /* PBXTargetDependency */ = {
			isa = PBXTargetDependency;
			target = 767B6C5F1C7EDEA400838AF6 /* CNLeftSideMenu-example */;
			targetProxy = 767B6C7A1C7EDEA400838AF6 /* PBXContainerItemProxy */;
		};
		767B6C861C7EDEA400838AF6 /* PBXTargetDependency */ = {
			isa = PBXTargetDependency;
			target = 767B6C5F1C7EDEA400838AF6 /* CNLeftSideMenu-example */;
			targetProxy = 767B6C851C7EDEA400838AF6 /* PBXContainerItemProxy */;
		};
/* End PBXTargetDependency section */

/* Begin PBXVariantGroup section */
		767B6C6C1C7EDEA400838AF6 /* Main.storyboard */ = {
			isa = PBXVariantGroup;
			children = (
				767B6C6D1C7EDEA400838AF6 /* Base */,
			);
			name = Main.storyboard;
			sourceTree = "<group>";
		};
		767B6C711C7EDEA400838AF6 /* LaunchScreen.storyboard */ = {
			isa = PBXVariantGroup;
			children = (
				767B6C721C7EDEA400838AF6 /* Base */,
			);
			name = LaunchScreen.storyboard;
			sourceTree = "<group>";
		};
/* End PBXVariantGroup section */

/* Begin XCBuildConfiguration section */
		767B6C8B1C7EDEA400838AF6 /* Debug */ = {
			isa = XCBuildConfiguration;
			buildSettings = {
				ALWAYS_SEARCH_USER_PATHS = NO;
				CLANG_CXX_LANGUAGE_STANDARD = "gnu++0x";
				CLANG_CXX_LIBRARY = "libc++";
				CLANG_ENABLE_MODULES = YES;
				CLANG_ENABLE_OBJC_ARC = YES;
				CLANG_WARN_BOOL_CONVERSION = YES;
				CLANG_WARN_CONSTANT_CONVERSION = YES;
				CLANG_WARN_DIRECT_OBJC_ISA_USAGE = YES_ERROR;
				CLANG_WARN_EMPTY_BODY = YES;
				CLANG_WARN_ENUM_CONVERSION = YES;
				CLANG_WARN_INT_CONVERSION = YES;
				CLANG_WARN_OBJC_ROOT_CLASS = YES_ERROR;
				CLANG_WARN_UNREACHABLE_CODE = YES;
				CLANG_WARN__DUPLICATE_METHOD_MATCH = YES;
				"CODE_SIGN_IDENTITY[sdk=iphoneos*]" = "iPhone Developer";
				COPY_PHASE_STRIP = NO;
				DEBUG_INFORMATION_FORMAT = dwarf;
				ENABLE_STRICT_OBJC_MSGSEND = YES;
				ENABLE_TESTABILITY = YES;
				GCC_C_LANGUAGE_STANDARD = gnu99;
				GCC_DYNAMIC_NO_PIC = NO;
				GCC_NO_COMMON_BLOCKS = YES;
				GCC_OPTIMIZATION_LEVEL = 0;
				GCC_PREPROCESSOR_DEFINITIONS = (
					"DEBUG=1",
					"$(inherited)",
				);
				GCC_WARN_64_TO_32_BIT_CONVERSION = YES;
				GCC_WARN_ABOUT_RETURN_TYPE = YES_ERROR;
				GCC_WARN_UNDECLARED_SELECTOR = YES;
				GCC_WARN_UNINITIALIZED_AUTOS = YES_AGGRESSIVE;
				GCC_WARN_UNUSED_FUNCTION = YES;
				GCC_WARN_UNUSED_VARIABLE = YES;
				IPHONEOS_DEPLOYMENT_TARGET = 9.2;
				MTL_ENABLE_DEBUG_INFO = YES;
				ONLY_ACTIVE_ARCH = YES;
				SDKROOT = iphoneos;
				TARGETED_DEVICE_FAMILY = "1,2";
			};
			name = Debug;
		};
		767B6C8C1C7EDEA400838AF6 /* Release */ = {
			isa = XCBuildConfiguration;
			buildSettings = {
				ALWAYS_SEARCH_USER_PATHS = NO;
				CLANG_CXX_LANGUAGE_STANDARD = "gnu++0x";
				CLANG_CXX_LIBRARY = "libc++";
				CLANG_ENABLE_MODULES = YES;
				CLANG_ENABLE_OBJC_ARC = YES;
				CLANG_WARN_BOOL_CONVERSION = YES;
				CLANG_WARN_CONSTANT_CONVERSION = YES;
				CLANG_WARN_DIRECT_OBJC_ISA_USAGE = YES_ERROR;
				CLANG_WARN_EMPTY_BODY = YES;
				CLANG_WARN_ENUM_CONVERSION = YES;
				CLANG_WARN_INT_CONVERSION = YES;
				CLANG_WARN_OBJC_ROOT_CLASS = YES_ERROR;
				CLANG_WARN_UNREACHABLE_CODE = YES;
				CLANG_WARN__DUPLICATE_METHOD_MATCH = YES;
				"CODE_SIGN_IDENTITY[sdk=iphoneos*]" = "iPhone Developer";
				COPY_PHASE_STRIP = NO;
				DEBUG_INFORMATION_FORMAT = "dwarf-with-dsym";
				ENABLE_NS_ASSERTIONS = NO;
				ENABLE_STRICT_OBJC_MSGSEND = YES;
				GCC_C_LANGUAGE_STANDARD = gnu99;
				GCC_NO_COMMON_BLOCKS = YES;
				GCC_WARN_64_TO_32_BIT_CONVERSION = YES;
				GCC_WARN_ABOUT_RETURN_TYPE = YES_ERROR;
				GCC_WARN_UNDECLARED_SELECTOR = YES;
				GCC_WARN_UNINITIALIZED_AUTOS = YES_AGGRESSIVE;
				GCC_WARN_UNUSED_FUNCTION = YES;
				GCC_WARN_UNUSED_VARIABLE = YES;
				IPHONEOS_DEPLOYMENT_TARGET = 9.2;
				MTL_ENABLE_DEBUG_INFO = NO;
				SDKROOT = iphoneos;
				TARGETED_DEVICE_FAMILY = "1,2";
				VALIDATE_PRODUCT = YES;
			};
			name = Release;
		};
		767B6C8E1C7EDEA400838AF6 /* Debug */ = {
			isa = XCBuildConfiguration;
			buildSettings = {
				ASSETCATALOG_COMPILER_APPICON_NAME = AppIcon;
				FRAMEWORK_SEARCH_PATHS = (
					"$(inherited)",
					"$(PROJECT_DIR)/CNLeftSideMenu-example",
				);
				INFOPLIST_FILE = "CNLeftSideMenu-example/Info.plist";
				LD_RUNPATH_SEARCH_PATHS = "$(inherited) @executable_path/Frameworks";
				LIBRARY_SEARCH_PATHS = (
					"$(inherited)",
					"$(PROJECT_DIR)",
				);
				OTHER_LDFLAGS = "-ObjC";
				PRODUCT_BUNDLE_IDENTIFIER = "sectatorNan.CNLeftSideMenu-example";
				PRODUCT_NAME = "$(TARGET_NAME)";
			};
			name = Debug;
		};
		767B6C8F1C7EDEA400838AF6 /* Release */ = {
			isa = XCBuildConfiguration;
			buildSettings = {
				ASSETCATALOG_COMPILER_APPICON_NAME = AppIcon;
				FRAMEWORK_SEARCH_PATHS = (
					"$(inherited)",
					"$(PROJECT_DIR)/CNLeftSideMenu-example",
				);
				INFOPLIST_FILE = "CNLeftSideMenu-example/Info.plist";
				LD_RUNPATH_SEARCH_PATHS = "$(inherited) @executable_path/Frameworks";
				LIBRARY_SEARCH_PATHS = (
					"$(inherited)",
					"$(PROJECT_DIR)",
				);
				OTHER_LDFLAGS = "-ObjC";
				PRODUCT_BUNDLE_IDENTIFIER = "sectatorNan.CNLeftSideMenu-example";
				PRODUCT_NAME = "$(TARGET_NAME)";
			};
			name = Release;
		};
		767B6C911C7EDEA400838AF6 /* Debug */ = {
			isa = XCBuildConfiguration;
			buildSettings = {
				BUNDLE_LOADER = "$(TEST_HOST)";
				INFOPLIST_FILE = "CNLeftSideMenu-exampleTests/Info.plist";
				LD_RUNPATH_SEARCH_PATHS = "$(inherited) @executable_path/Frameworks @loader_path/Frameworks";
				PRODUCT_BUNDLE_IDENTIFIER = "sectatorNan.CNLeftSideMenu-exampleTests";
				PRODUCT_NAME = "$(TARGET_NAME)";
				TEST_HOST = "$(BUILT_PRODUCTS_DIR)/CNLeftSideMenu-example.app/CNLeftSideMenu-example";
			};
			name = Debug;
		};
		767B6C921C7EDEA400838AF6 /* Release */ = {
			isa = XCBuildConfiguration;
			buildSettings = {
				BUNDLE_LOADER = "$(TEST_HOST)";
				INFOPLIST_FILE = "CNLeftSideMenu-exampleTests/Info.plist";
				LD_RUNPATH_SEARCH_PATHS = "$(inherited) @executable_path/Frameworks @loader_path/Frameworks";
				PRODUCT_BUNDLE_IDENTIFIER = "sectatorNan.CNLeftSideMenu-exampleTests";
				PRODUCT_NAME = "$(TARGET_NAME)";
				TEST_HOST = "$(BUILT_PRODUCTS_DIR)/CNLeftSideMenu-example.app/CNLeftSideMenu-example";
			};
			name = Release;
		};
		767B6C941C7EDEA400838AF6 /* Debug */ = {
			isa = XCBuildConfiguration;
			buildSettings = {
				INFOPLIST_FILE = "CNLeftSideMenu-exampleUITests/Info.plist";
				LD_RUNPATH_SEARCH_PATHS = "$(inherited) @executable_path/Frameworks @loader_path/Frameworks";
				PRODUCT_BUNDLE_IDENTIFIER = "sectatorNan.CNLeftSideMenu-exampleUITests";
				PRODUCT_NAME = "$(TARGET_NAME)";
				TEST_TARGET_NAME = "CNLeftSideMenu-example";
				USES_XCTRUNNER = YES;
			};
			name = Debug;
		};
		767B6C951C7EDEA400838AF6 /* Release */ = {
			isa = XCBuildConfiguration;
			buildSettings = {
				INFOPLIST_FILE = "CNLeftSideMenu-exampleUITests/Info.plist";
				LD_RUNPATH_SEARCH_PATHS = "$(inherited) @executable_path/Frameworks @loader_path/Frameworks";
				PRODUCT_BUNDLE_IDENTIFIER = "sectatorNan.CNLeftSideMenu-exampleUITests";
				PRODUCT_NAME = "$(TARGET_NAME)";
				TEST_TARGET_NAME = "CNLeftSideMenu-example";
				USES_XCTRUNNER = YES;
			};
			name = Release;
		};
/* End XCBuildConfiguration section */

/* Begin XCConfigurationList section */
		767B6C5B1C7EDEA400838AF6 /* Build configuration list for PBXProject "CNLeftSideMenu-example" */ = {
			isa = XCConfigurationList;
			buildConfigurations = (
				767B6C8B1C7EDEA400838AF6 /* Debug */,
				767B6C8C1C7EDEA400838AF6 /* Release */,
			);
			defaultConfigurationIsVisible = 0;
			defaultConfigurationName = Release;
		};
		767B6C8D1C7EDEA400838AF6 /* Build configuration list for PBXNativeTarget "CNLeftSideMenu-example" */ = {
			isa = XCConfigurationList;
			buildConfigurations = (
				767B6C8E1C7EDEA400838AF6 /* Debug */,
				767B6C8F1C7EDEA400838AF6 /* Release */,
			);
			defaultConfigurationIsVisible = 0;
			defaultConfigurationName = Release;
		};
		767B6C901C7EDEA400838AF6 /* Build configuration list for PBXNativeTarget "CNLeftSideMenu-exampleTests" */ = {
			isa = XCConfigurationList;
			buildConfigurations = (
				767B6C911C7EDEA400838AF6 /* Debug */,
				767B6C921C7EDEA400838AF6 /* Release */,
			);
			defaultConfigurationIsVisible = 0;
			defaultConfigurationName = Release;
		};
		767B6C931C7EDEA400838AF6 /* Build configuration list for PBXNativeTarget "CNLeftSideMenu-exampleUITests" */ = {
			isa = XCConfigurationList;
			buildConfigurations = (
				767B6C941C7EDEA400838AF6 /* Debug */,
				767B6C951C7EDEA400838AF6 /* Release */,
			);
			defaultConfigurationIsVisible = 0;
			defaultConfigurationName = Release;
		};
/* End XCConfigurationList section */
	};
	rootObject = 767B6C581C7EDEA400838AF6 /* Project object */;
}
